{
  "pins" : [
    {
      "identity" : "curses",
      "kind" : "remoteSourceControl",
      "location" : "https://github.com/jackgene/Curses.git",
      "state" : {
        "revision" : "eaab23bdf129116176c6efd98a4193ed35c42c97",
        "version" : "1.0.2"
      }
    },
    {
      "identity" : "rxswift",
      "kind" : "remoteSourceControl",
      "location" : "https://github.com/ReactiveX/RxSwift.git",
      "state" : {
        "revision" : "9dcaa4b333db437b0fbfaf453fad29069044a8b4",
        "version" : "6.6.0"
      }
    },
    {
      "identity" : "swift-argument-parser",
      "kind" : "remoteSourceControl",
      "location" : "https://github.com/apple/swift-argument-parser",
      "state" : {
        "revision" : "fee6933f37fde9a5e12a1e4aeaa93fe60116ff2a",
        "version" : "1.2.2"
      }
    },
    {
      "identity" : "swift-log",
      "kind" : "remoteSourceControl",
      "location" : "https://github.com/apple/swift-log.git",
      "state" : {
        "revision" : "32e8d724467f8fe623624570367e3d50c5638e46",
        "version" : "1.5.2"
      }
    },
    {
      "identity" : "swift-log-format-and-pipe",
      "kind" : "remoteSourceControl",
      "location" : "https://github.com/adorkable/swift-log-format-and-pipe.git",
      "state" : {
        "revision" : "bd29badb9e6b18122ec10b84eed534db83cad279",
        "version" : "0.1.1"
      }
    }
  ],
  "version" : 2
}
